
Microsoft Visual Studio Solution File, Format Version 12.00
# Visual Studio Version 16
VisualStudioVersion = 16.0.32602.291
MinimumVisualStudioVersion = 10.0.40219.1
Project("{2150E333-8FDC-42A3-9474-1A3956D46DE8}") = "00_GameFoundation", "00_GameFoundation", "{F22FD92F-49F7-436E-BCA6-CBEB61CF2DCD}"
EndProject
Project("{8BC9CEB8-8B4A-11D0-8D11-00A0C91BC942}") = "C", "C\C.vcxproj", "{9F77607F-A9C9-4F0B-A9B0-7A9DF92B41CE}"
EndProject
Project("{8BC9CEB8-8B4A-11D0-8D11-00A0C91BC942}") = "C++", "C++\C++.vcxproj", "{9E6E7DD2-BCC0-47A0-94FC-02F5D551622E}"
EndProject
Project("{8BC9CEB8-8B4A-11D0-8D11-00A0C91BC942}") = "StudentManagement", "StudentManagement\StudentManagement.vcxproj", "{619FEAD4-79CA-499C-A436-B64744A90952}"
EndProject
Project("{8BC9CEB8-8B4A-11D0-8D11-00A0C91BC942}") = "LinkedList", "LinkedList\LinkedList.vcxproj", "{29968C16-2EF8-47B9-A229-57D2F77D9BFF}"
EndProject
Project("{8BC9CEB8-8B4A-11D0-8D11-00A0C91BC942}") = "Stack", "Stack\Stack.vcxproj", "{ECBD2DEC-237F-4158-9689-E3355C84638E}"
EndProject
Project("{8BC9CEB8-8B4A-11D0-8D11-00A0C91BC942}") = "Queue", "Queue\Queue.vcxproj", "{07C85EF3-960D-47B9-A6EF-EE94992160C3}"
EndProject
Project("{8BC9CEB8-8B4A-11D0-8D11-00A0C91BC942}") = "Pointer", "Pointer\Pointer.vcxproj", "{001F414A-3085-4D82-A974-B9845577A876}"
EndProject
Project("{8BC9CEB8-8B4A-11D0-8D11-00A0C91BC942}") = "Sort", "Sort\Sort.vcxproj", "{13B0FBD2-9F00-48E4-88DE-F36537AB0A1F}"
EndProject
Project("{8BC9CEB8-8B4A-11D0-8D11-00A0C91BC942}") = "Search", "Search\Search.vcxproj", "{D6FAEAC0-3DE7-465E-9BF7-5DEBA52EAF5F}"
EndProject
Project("{8BC9CEB8-8B4A-11D0-8D11-00A0C91BC942}") = "Tree", "Tree\Tree.vcxproj", "{6D219EC0-906C-4B8D-8795-64AD11092479}"
EndProject
Project("{8BC9CEB8-8B4A-11D0-8D11-00A0C91BC942}") = "Heap", "Heap\Heap.vcxproj", "{C786E1AA-41DE-4730-B3F7-5D7CD81945D3}"
EndProject
Project("{8BC9CEB8-8B4A-11D0-8D11-00A0C91BC942}") = "Hash", "Hash\Hash.vcxproj", "{3C3CA52A-438D-4876-9AAE-EE34477DA7AB}"
EndProject
Global
	GlobalSection(SolutionConfigurationPlatforms) = preSolution
		Debug|x64 = Debug|x64
		Debug|x86 = Debug|x86
		Release|x64 = Release|x64
		Release|x86 = Release|x86
	EndGlobalSection
	GlobalSection(ProjectConfigurationPlatforms) = postSolution
		{9F77607F-A9C9-4F0B-A9B0-7A9DF92B41CE}.Debug|x64.ActiveCfg = Debug|x64
		{9F77607F-A9C9-4F0B-A9B0-7A9DF92B41CE}.Debug|x64.Build.0 = Debug|x64
		{9F77607F-A9C9-4F0B-A9B0-7A9DF92B41CE}.Debug|x86.ActiveCfg = Debug|Win32
		{9F77607F-A9C9-4F0B-A9B0-7A9DF92B41CE}.Debug|x86.Build.0 = Debug|Win32
		{9F77607F-A9C9-4F0B-A9B0-7A9DF92B41CE}.Release|x64.ActiveCfg = Release|x64
		{9F77607F-A9C9-4F0B-A9B0-7A9DF92B41CE}.Release|x64.Build.0 = Release|x64
		{9F77607F-A9C9-4F0B-A9B0-7A9DF92B41CE}.Release|x86.ActiveCfg = Release|Win32
		{9F77607F-A9C9-4F0B-A9B0-7A9DF92B41CE}.Release|x86.Build.0 = Release|Win32
		{9E6E7DD2-BCC0-47A0-94FC-02F5D551622E}.Debug|x64.ActiveCfg = Debug|x64
		{9E6E7DD2-BCC0-47A0-94FC-02F5D551622E}.Debug|x64.Build.0 = Debug|x64
		{9E6E7DD2-BCC0-47A0-94FC-02F5D551622E}.Debug|x86.ActiveCfg = Debug|Win32
		{9E6E7DD2-BCC0-47A0-94FC-02F5D551622E}.Debug|x86.Build.0 = Debug|Win32
		{9E6E7DD2-BCC0-47A0-94FC-02F5D551622E}.Release|x64.ActiveCfg = Release|x64
		{9E6E7DD2-BCC0-47A0-94FC-02F5D551622E}.Release|x64.Build.0 = Release|x64
		{9E6E7DD2-BCC0-47A0-94FC-02F5D551622E}.Release|x86.ActiveCfg = Release|Win32
		{9E6E7DD2-BCC0-47A0-94FC-02F5D551622E}.Release|x86.Build.0 = Release|Win32
		{619FEAD4-79CA-499C-A436-B64744A90952}.Debug|x64.ActiveCfg = Debug|x64
		{619FEAD4-79CA-499C-A436-B64744A90952}.Debug|x64.Build.0 = Debug|x64
		{619FEAD4-79CA-499C-A436-B64744A90952}.Debug|x86.ActiveCfg = Debug|Win32
		{619FEAD4-79CA-499C-A436-B64744A90952}.Debug|x86.Build.0 = Debug|Win32
		{619FEAD4-79CA-499C-A436-B64744A90952}.Release|x64.ActiveCfg = Release|x64
		{619FEAD4-79CA-499C-A436-B64744A90952}.Release|x64.Build.0 = Release|x64
		{619FEAD4-79CA-499C-A436-B64744A90952}.Release|x86.ActiveCfg = Release|Win32
		{619FEAD4-79CA-499C-A436-B64744A90952}.Release|x86.Build.0 = Release|Win32
		{29968C16-2EF8-47B9-A229-57D2F77D9BFF}.Debug|x64.ActiveCfg = Debug|x64
		{29968C16-2EF8-47B9-A229-57D2F77D9BFF}.Debug|x64.Build.0 = Debug|x64
		{29968C16-2EF8-47B9-A229-57D2F77D9BFF}.Debug|x86.ActiveCfg = Debug|Win32
		{29968C16-2EF8-47B9-A229-57D2F77D9BFF}.Debug|x86.Build.0 = Debug|Win32
		{29968C16-2EF8-47B9-A229-57D2F77D9BFF}.Release|x64.ActiveCfg = Release|x64
		{29968C16-2EF8-47B9-A229-57D2F77D9BFF}.Release|x64.Build.0 = Release|x64
		{29968C16-2EF8-47B9-A229-57D2F77D9BFF}.Release|x86.ActiveCfg = Release|Win32
		{29968C16-2EF8-47B9-A229-57D2F77D9BFF}.Release|x86.Build.0 = Release|Win32
		{ECBD2DEC-237F-4158-9689-E3355C84638E}.Debug|x64.ActiveCfg = Debug|x64
		{ECBD2DEC-237F-4158-9689-E3355C84638E}.Debug|x64.Build.0 = Debug|x64
		{ECBD2DEC-237F-4158-9689-E3355C84638E}.Debug|x86.ActiveCfg = Debug|Win32
		{ECBD2DEC-237F-4158-9689-E3355C84638E}.Debug|x86.Build.0 = Debug|Win32
		{ECBD2DEC-237F-4158-9689-E3355C84638E}.Release|x64.ActiveCfg = Release|x64
		{ECBD2DEC-237F-4158-9689-E3355C84638E}.Release|x64.Build.0 = Release|x64
		{ECBD2DEC-237F-4158-9689-E3355C84638E}.Release|x86.ActiveCfg = Release|Win32
		{ECBD2DEC-237F-4158-9689-E3355C84638E}.Release|x86.Build.0 = Release|Win32
		{07C85EF3-960D-47B9-A6EF-EE94992160C3}.Debug|x64.ActiveCfg = Debug|x64
		{07C85EF3-960D-47B9-A6EF-EE94992160C3}.Debug|x64.Build.0 = Debug|x64
		{07C85EF3-960D-47B9-A6EF-EE94992160C3}.Debug|x86.ActiveCfg = Debug|Win32
		{07C85EF3-960D-47B9-A6EF-EE94992160C3}.Debug|x86.Build.0 = Debug|Win32
		{07C85EF3-960D-47B9-A6EF-EE94992160C3}.Release|x64.ActiveCfg = Release|x64
		{07C85EF3-960D-47B9-A6EF-EE94992160C3}.Release|x64.Build.0 = Release|x64
		{07C85EF3-960D-47B9-A6EF-EE94992160C3}.Release|x86.ActiveCfg = Release|Win32
		{07C85EF3-960D-47B9-A6EF-EE94992160C3}.Release|x86.Build.0 = Release|Win32
		{001F414A-3085-4D82-A974-B9845577A876}.Debug|x64.ActiveCfg = Debug|x64
		{001F414A-3085-4D82-A974-B9845577A876}.Debug|x64.Build.0 = Debug|x64
		{001F414A-3085-4D82-A974-B9845577A876}.Debug|x86.ActiveCfg = Debug|Win32
		{001F414A-3085-4D82-A974-B9845577A876}.Debug|x86.Build.0 = Debug|Win32
		{001F414A-3085-4D82-A974-B9845577A876}.Release|x64.ActiveCfg = Release|x64
		{001F414A-3085-4D82-A974-B9845577A876}.Release|x64.Build.0 = Release|x64
		{001F414A-3085-4D82-A974-B9845577A876}.Release|x86.ActiveCfg = Release|Win32
		{001F414A-3085-4D82-A974-B9845577A876}.Release|x86.Build.0 = Release|Win32
		{13B0FBD2-9F00-48E4-88DE-F36537AB0A1F}.Debug|x64.ActiveCfg = Debug|x64
		{13B0FBD2-9F00-48E4-88DE-F36537AB0A1F}.Debug|x64.Build.0 = Debug|x64
		{13B0FBD2-9F00-48E4-88DE-F36537AB0A1F}.Debug|x86.ActiveCfg = Debug|Win32
		{13B0FBD2-9F00-48E4-88DE-F36537AB0A1F}.Debug|x86.Build.0 = Debug|Win32
		{13B0FBD2-9F00-48E4-88DE-F36537AB0A1F}.Release|x64.ActiveCfg = Release|x64
		{13B0FBD2-9F00-48E4-88DE-F36537AB0A1F}.Release|x64.Build.0 = Release|x64
		{13B0FBD2-9F00-48E4-88DE-F36537AB0A1F}.Release|x86.ActiveCfg = Release|Win32
		{13B0FBD2-9F00-48E4-88DE-F36537AB0A1F}.Release|x86.Build.0 = Release|Win32
		{D6FAEAC0-3DE7-465E-9BF7-5DEBA52EAF5F}.Debug|x64.ActiveCfg = Debug|x64
		{D6FAEAC0-3DE7-465E-9BF7-5DEBA52EAF5F}.Debug|x64.Build.0 = Debug|x64
		{D6FAEAC0-3DE7-465E-9BF7-5DEBA52EAF5F}.Debug|x86.ActiveCfg = Debug|Win32
		{D6FAEAC0-3DE7-465E-9BF7-5DEBA52EAF5F}.Debug|x86.Build.0 = Debug|Win32
		{D6FAEAC0-3DE7-465E-9BF7-5DEBA52EAF5F}.Release|x64.ActiveCfg = Release|x64
		{D6FAEAC0-3DE7-465E-9BF7-5DEBA52EAF5F}.Release|x64.Build.0 = Release|x64
		{D6FAEAC0-3DE7-465E-9BF7-5DEBA52EAF5F}.Release|x86.ActiveCfg = Release|Win32
		{D6FAEAC0-3DE7-465E-9BF7-5DEBA52EAF5F}.Release|x86.Build.0 = Release|Win32
		{6D219EC0-906C-4B8D-8795-64AD11092479}.Debug|x64.ActiveCfg = Debug|x64
		{6D219EC0-906C-4B8D-8795-64AD11092479}.Debug|x64.Build.0 = Debug|x64
		{6D219EC0-906C-4B8D-8795-64AD11092479}.Debug|x86.ActiveCfg = Debug|Win32
		{6D219EC0-906C-4B8D-8795-64AD11092479}.Debug|x86.Build.0 = Debug|Win32
		{6D219EC0-906C-4B8D-8795-64AD11092479}.Release|x64.ActiveCfg = Release|x64
		{6D219EC0-906C-4B8D-8795-64AD11092479}.Release|x64.Build.0 = Release|x64
		{6D219EC0-906C-4B8D-8795-64AD11092479}.Release|x86.ActiveCfg = Release|Win32
		{6D219EC0-906C-4B8D-8795-64AD11092479}.Release|x86.Build.0 = Release|Win32
		{C786E1AA-41DE-4730-B3F7-5D7CD81945D3}.Debug|x64.ActiveCfg = Debug|x64
		{C786E1AA-41DE-4730-B3F7-5D7CD81945D3}.Debug|x64.Build.0 = Debug|x64
		{C786E1AA-41DE-4730-B3F7-5D7CD81945D3}.Debug|x86.ActiveCfg = Debug|Win32
		{C786E1AA-41DE-4730-B3F7-5D7CD81945D3}.Debug|x86.Build.0 = Debug|Win32
		{C786E1AA-41DE-4730-B3F7-5D7CD81945D3}.Release|x64.ActiveCfg = Release|x64
		{C786E1AA-41DE-4730-B3F7-5D7CD81945D3}.Release|x64.Build.0 = Release|x64
		{C786E1AA-41DE-4730-B3F7-5D7CD81945D3}.Release|x86.ActiveCfg = Release|Win32
		{C786E1AA-41DE-4730-B3F7-5D7CD81945D3}.Release|x86.Build.0 = Release|Win32
		{3C3CA52A-438D-4876-9AAE-EE34477DA7AB}.Debug|x64.ActiveCfg = Debug|x64
		{3C3CA52A-438D-4876-9AAE-EE34477DA7AB}.Debug|x64.Build.0 = Debug|x64
		{3C3CA52A-438D-4876-9AAE-EE34477DA7AB}.Debug|x86.ActiveCfg = Debug|Win32
		{3C3CA52A-438D-4876-9AAE-EE34477DA7AB}.Debug|x86.Build.0 = Debug|Win32
		{3C3CA52A-438D-4876-9AAE-EE34477DA7AB}.Release|x64.ActiveCfg = Release|x64
		{3C3CA52A-438D-4876-9AAE-EE34477DA7AB}.Release|x64.Build.0 = Release|x64
		{3C3CA52A-438D-4876-9AAE-EE34477DA7AB}.Release|x86.ActiveCfg = Release|Win32
		{3C3CA52A-438D-4876-9AAE-EE34477DA7AB}.Release|x86.Build.0 = Release|Win32
	EndGlobalSection
	GlobalSection(SolutionProperties) = preSolution
		HideSolutionNode = FALSE
	EndGlobalSection
	GlobalSection(NestedProjects) = preSolution
		{9F77607F-A9C9-4F0B-A9B0-7A9DF92B41CE} = {F22FD92F-49F7-436E-BCA6-CBEB61CF2DCD}
		{9E6E7DD2-BCC0-47A0-94FC-02F5D551622E} = {F22FD92F-49F7-436E-BCA6-CBEB61CF2DCD}
		{619FEAD4-79CA-499C-A436-B64744A90952} = {F22FD92F-49F7-436E-BCA6-CBEB61CF2DCD}
		{29968C16-2EF8-47B9-A229-57D2F77D9BFF} = {F22FD92F-49F7-436E-BCA6-CBEB61CF2DCD}
		{ECBD2DEC-237F-4158-9689-E3355C84638E} = {F22FD92F-49F7-436E-BCA6-CBEB61CF2DCD}
		{07C85EF3-960D-47B9-A6EF-EE94992160C3} = {F22FD92F-49F7-436E-BCA6-CBEB61CF2DCD}
		{001F414A-3085-4D82-A974-B9845577A876} = {F22FD92F-49F7-436E-BCA6-CBEB61CF2DCD}
		{13B0FBD2-9F00-48E4-88DE-F36537AB0A1F} = {F22FD92F-49F7-436E-BCA6-CBEB61CF2DCD}
		{D6FAEAC0-3DE7-465E-9BF7-5DEBA52EAF5F} = {F22FD92F-49F7-436E-BCA6-CBEB61CF2DCD}
		{6D219EC0-906C-4B8D-8795-64AD11092479} = {F22FD92F-49F7-436E-BCA6-CBEB61CF2DCD}
		{C786E1AA-41DE-4730-B3F7-5D7CD81945D3} = {F22FD92F-49F7-436E-BCA6-CBEB61CF2DCD}
		{3C3CA52A-438D-4876-9AAE-EE34477DA7AB} = {F22FD92F-49F7-436E-BCA6-CBEB61CF2DCD}
	EndGlobalSection
	GlobalSection(ExtensibilityGlobals) = postSolution
		SolutionGuid = {C8687645-F4EE-4A93-BE97-7DD2357B4FDA}
	EndGlobalSection
EndGlobal
