
Microsoft Visual Studio Solution File, Format Version 12.00
# Visual Studio Version 16
VisualStudioVersion = 16.0.32602.291
MinimumVisualStudioVersion = 10.0.40219.1
Project("{2150E333-8FDC-42A3-9474-1A3956D46DE8}") = "00_GameFoundation", "00_GameFoundation", "{F22FD92F-49F7-436E-BCA6-CBEB61CF2DCD}"
EndProject
Project("{8BC9CEB8-8B4A-11D0-8D11-00A0C91BC942}") = "C", "C\C.vcxproj", "{9F77607F-A9C9-4F0B-A9B0-7A9DF92B41CE}"
EndProject
Project("{8BC9CEB8-8B4A-11D0-8D11-00A0C91BC942}") = "C++", "C++\C++.vcxproj", "{9E6E7DD2-BCC0-47A0-94FC-02F5D551622E}"
EndProject
Project("{8BC9CEB8-8B4A-11D0-8D11-00A0C91BC942}") = "StudentManagement", "StudentManagement\StudentManagement.vcxproj", "{619FEAD4-79CA-499C-A436-B64744A90952}"
EndProject
Project("{8BC9CEB8-8B4A-11D0-8D11-00A0C91BC942}") = "LinkedList", "LinkedList\LinkedList.vcxproj", "{29968C16-2EF8-47B9-A229-57D2F77D9BFF}"
EndProject
Project("{8BC9CEB8-8B4A-11D0-8D11-00A0C91BC942}") = "Stack", "Stack\Stack.vcxproj", "{ECBD2DEC-237F-4158-9689-E3355C84638E}"
EndProject
Project("{8BC9CEB8-8B4A-11D0-8D11-00A0C91BC942}") = "Queue", "Queue\Queue.vcxproj", "{07C85EF3-960D-47B9-A6EF-EE94992160C3}"
EndProject
Project("{8BC9CEB8-8B4A-11D0-8D11-00A0C91BC942}") = "Pointer", "Pointer\Pointer.vcxproj", "{001F414A-3085-4D82-A974-B9845577A876}"
EndProject
Project("{8BC9CEB8-8B4A-11D0-8D11-00A0C91BC942}") = "Sort", "Sort\Sort.vcxproj", "{13B0FBD2-9F00-48E4-88DE-F36537AB0A1F}"
EndProject
Project("{8BC9CEB8-8B4A-11D0-8D11-00A0C91BC942}") = "Search", "Search\Search.vcxproj", "{D6FAEAC0-3DE7-465E-9BF7-5DEBA52EAF5F}"
EndProject
Project("{8BC9CEB8-8B4A-11D0-8D11-00A0C91BC942}") = "Tree", "Tree\Tree.vcxproj", "{6D219EC0-906C-4B8D-8795-64AD11092479}"
EndProject
Project("{8BC9CEB8-8B4A-11D0-8D11-00A0C91BC942}") = "Heap", "Heap\Heap.vcxproj", "{C786E1AA-41DE-4730-B3F7-5D7CD81945D3}"
EndProject
Project("{8BC9CEB8-8B4A-11D0-8D11-00A0C91BC942}") = "Hash", "Hash\Hash.vcxproj", "{3C3CA52A-438D-4876-9AAE-EE34477DA7AB}"
EndProject
Project("{2150E333-8FDC-42A3-9474-1A3956D46DE8}") = "01_GameAlgorithm", "01_GameAlgorithm", "{D69200FD-CAE1-45C1-805C-0B5889D5E77F}"
EndProject
Project("{2150E333-8FDC-42A3-9474-1A3956D46DE8}") = "02_GameGraphics", "02_GameGraphics", "{7CE1FD25-A5F9-4A80-A8FC-637CFBFFDC04}"
EndProject
Project("{8BC9CEB8-8B4A-11D0-8D11-00A0C91BC942}") = "MathModule", "MathModule\MathModule.vcxproj", "{482DC1C9-FC9C-43E5-A270-C357A4559982}"
EndProject
Project("{8BC9CEB8-8B4A-11D0-8D11-00A0C91BC942}") = "SpaceDivision", "SpaceDivision\SpaceDivision.vcxproj", "{E6171BA1-EF1B-4615-9EC3-32E01D521207}"
EndProject
Project("{2150E333-8FDC-42A3-9474-1A3956D46DE8}") = "Game", "Game", "{8D1EF29E-75E5-4127-8844-36E70416DEDA}"
EndProject
Project("{8BC9CEB8-8B4A-11D0-8D11-00A0C91BC942}") = "CreateWindow", "CreateWindow\CreateWindow.vcxproj", "{DC2534A7-087E-46AA-99E0-1B61884A1B71}"
EndProject
Project("{8BC9CEB8-8B4A-11D0-8D11-00A0C91BC942}") = "CreateDevice", "CreateDevice\CreateDevice.vcxproj", "{AA799E84-E4A9-492D-8DA3-FFECD04F0C57}"
EndProject
Project("{8BC9CEB8-8B4A-11D0-8D11-00A0C91BC942}") = "CreateTimer", "CreateTimer\CreateTimer.vcxproj", "{20F46B2A-4FFE-4620-989B-51D794DC7F09}"
EndProject
Project("{8BC9CEB8-8B4A-11D0-8D11-00A0C91BC942}") = "CreateFont", "CreateFont\CreateFont.vcxproj", "{DDE8B544-94EE-4B18-AAF5-F8BC43E07AC7}"
EndProject
Project("{8BC9CEB8-8B4A-11D0-8D11-00A0C91BC942}") = "CreateInput", "CreateInput\CreateInput.vcxproj", "{71FA3483-F5FA-4D8C-ADDC-6EF4EC3DF4D2}"
EndProject
Project("{8BC9CEB8-8B4A-11D0-8D11-00A0C91BC942}") = "CreateShader", "CreateShader\CreateShader.vcxproj", "{F238C5CF-09F2-445E-A7D8-DA5B7EC3BD75}"
EndProject
Project("{8BC9CEB8-8B4A-11D0-8D11-00A0C91BC942}") = "CreateTexture", "CreateTexture\CreateTexture.vcxproj", "{06573368-07EB-4EDE-A943-4A99B60FAFE3}"
EndProject
Project("{8BC9CEB8-8B4A-11D0-8D11-00A0C91BC942}") = "CreateSampler", "CreateSampler\CreateSampler.vcxproj", "{D840BFCC-C89A-41DF-8026-2500B570BA54}"
EndProject
Project("{8BC9CEB8-8B4A-11D0-8D11-00A0C91BC942}") = "CreateMask", "CreateMask\CreateMask.vcxproj", "{66E30466-96E3-4D91-8F5B-4BF31CC6FA5D}"
EndProject
Project("{8BC9CEB8-8B4A-11D0-8D11-00A0C91BC942}") = "CreateIndex", "CreateIndex\CreateIndex.vcxproj", "{BDC9A6B3-11E9-4169-891F-C0EFA23BC0FE}"
EndProject
Project("{8BC9CEB8-8B4A-11D0-8D11-00A0C91BC942}") = "CreateSound", "CreateSound\CreateSound.vcxproj", "{208B885E-5382-45BB-9050-87F9ADEC1DF9}"
EndProject
Project("{8BC9CEB8-8B4A-11D0-8D11-00A0C91BC942}") = "CreateNDC", "CreateNDC\CreateNDC.vcxproj", "{7EAE7155-E2E7-4BC9-A844-B12BB9A27690}"
EndProject
Project("{8BC9CEB8-8B4A-11D0-8D11-00A0C91BC942}") = "Engine", "Engine\Engine.vcxproj", "{64746210-323D-409E-A66E-BE545CFFB9D0}"
EndProject
Project("{8BC9CEB8-8B4A-11D0-8D11-00A0C91BC942}") = "CreateSprite", "CreateSprite\CreateSprite.vcxproj", "{2EA862A8-BE45-4F0A-8E2D-213CCE3099D3}"
EndProject
Project("{8BC9CEB8-8B4A-11D0-8D11-00A0C91BC942}") = "Sokoban", "Sokoban\Sokoban.vcxproj", "{8549BDE2-5B5C-47BD-80DA-3841FA841FAF}"
EndProject
Project("{8BC9CEB8-8B4A-11D0-8D11-00A0C91BC942}") = "Pikachu", "Pikachu\Pikachu.vcxproj", "{DE0D55CE-2858-4DA8-AA69-4F7CBEA21710}"
EndProject
Project("{8BC9CEB8-8B4A-11D0-8D11-00A0C91BC942}") = "Pong", "Pong\Pong.vcxproj", "{92BE0D1E-9668-4851-A726-1D6B613477C7}"
EndProject
Project("{8BC9CEB8-8B4A-11D0-8D11-00A0C91BC942}") = "CreateEffect", "CreateEffect\CreateEffect.vcxproj", "{4FD4E317-27A0-475E-A7F8-A26013E8F454}"
EndProject
Project("{8BC9CEB8-8B4A-11D0-8D11-00A0C91BC942}") = "SpaceShip", "SpaceShip\SpaceShip.vcxproj", "{678903C6-7D24-4B21-9704-BCA7C8C8715B}"
EndProject
Project("{8BC9CEB8-8B4A-11D0-8D11-00A0C91BC942}") = "Asteroid", "Asteroid\Asteroid.vcxproj", "{AA7C5518-C13D-4DE9-B828-48704D239A0B}"
EndProject
Project("{8BC9CEB8-8B4A-11D0-8D11-00A0C91BC942}") = "CreateResize", "CreateResize\CreateResize.vcxproj", "{45DF1167-4024-49FF-B30B-9EF8C6A8BE56}"
EndProject
Project("{8BC9CEB8-8B4A-11D0-8D11-00A0C91BC942}") = "Defense", "Defense\Defense.vcxproj", "{85736D4F-19E7-479F-987D-ED31983DA755}"
EndProject
Project("{2150E333-8FDC-42A3-9474-1A3956D46DE8}") = "Engine", "Engine", "{51A16B64-B187-4CC0-BDA6-E1AA2BD1E115}"
EndProject
Project("{8BC9CEB8-8B4A-11D0-8D11-00A0C91BC942}") = "CreateMatrix", "CreateMatrix\CreateMatrix.vcxproj", "{78DFFB57-D4B4-4956-A84B-79DE84CFCB3C}"
EndProject
Project("{8BC9CEB8-8B4A-11D0-8D11-00A0C91BC942}") = "CreateCamera", "CreateCamera\CreateCamera.vcxproj", "{C49BA3E3-6F89-4B84-AF4C-1520EDB95A65}"
EndProject
Project("{8BC9CEB8-8B4A-11D0-8D11-00A0C91BC942}") = "CreateDepth", "CreateDepth\CreateDepth.vcxproj", "{B777D4AA-4C7F-4200-9E72-F7323815B81A}"
EndProject
Project("{8BC9CEB8-8B4A-11D0-8D11-00A0C91BC942}") = "CreateMap", "CreateMap\CreateMap.vcxproj", "{5A763AF4-2DE6-4319-8389-F7A54FFB6014}"
EndProject
Project("{8BC9CEB8-8B4A-11D0-8D11-00A0C91BC942}") = "CreateLine", "CreateLine\CreateLine.vcxproj", "{CE2C358F-C2B4-4BD4-93C4-E2FE0257FC57}"
EndProject
Project("{8BC9CEB8-8B4A-11D0-8D11-00A0C91BC942}") = "CreateViewer", "CreateViewer\CreateViewer.vcxproj", "{3E0A1396-5789-4480-9632-27B3A9A6CC8B}"
EndProject
Project("{8BC9CEB8-8B4A-11D0-8D11-00A0C91BC942}") = "CreateFrustum", "CreateFrustum\CreateFrustum.vcxproj", "{F53C13C3-050B-49CE-9422-2CA09EF283B8}"
EndProject
Project("{8BC9CEB8-8B4A-11D0-8D11-00A0C91BC942}") = "CreateQuadtree", "CreateQuadtree\CreateQuadtree.vcxproj", "{F9190F5E-7FD9-4EE8-ABE5-0C1480F683F3}"
EndProject
Project("{8BC9CEB8-8B4A-11D0-8D11-00A0C91BC942}") = "CreateLoader", "CreateLoader\CreateLoader.vcxproj", "{7430AEDA-D3D2-4819-B5EB-BEF20A6C9837}"
EndProject
Global
	GlobalSection(SolutionConfigurationPlatforms) = preSolution
		Debug|x64 = Debug|x64
		Debug|x86 = Debug|x86
		Release|x64 = Release|x64
		Release|x86 = Release|x86
	EndGlobalSection
	GlobalSection(ProjectConfigurationPlatforms) = postSolution
		{9F77607F-A9C9-4F0B-A9B0-7A9DF92B41CE}.Debug|x64.ActiveCfg = Debug|x64
		{9F77607F-A9C9-4F0B-A9B0-7A9DF92B41CE}.Debug|x64.Build.0 = Debug|x64
		{9F77607F-A9C9-4F0B-A9B0-7A9DF92B41CE}.Debug|x86.ActiveCfg = Debug|Win32
		{9F77607F-A9C9-4F0B-A9B0-7A9DF92B41CE}.Debug|x86.Build.0 = Debug|Win32
		{9F77607F-A9C9-4F0B-A9B0-7A9DF92B41CE}.Release|x64.ActiveCfg = Release|x64
		{9F77607F-A9C9-4F0B-A9B0-7A9DF92B41CE}.Release|x64.Build.0 = Release|x64
		{9F77607F-A9C9-4F0B-A9B0-7A9DF92B41CE}.Release|x86.ActiveCfg = Release|Win32
		{9F77607F-A9C9-4F0B-A9B0-7A9DF92B41CE}.Release|x86.Build.0 = Release|Win32
		{9E6E7DD2-BCC0-47A0-94FC-02F5D551622E}.Debug|x64.ActiveCfg = Debug|x64
		{9E6E7DD2-BCC0-47A0-94FC-02F5D551622E}.Debug|x64.Build.0 = Debug|x64
		{9E6E7DD2-BCC0-47A0-94FC-02F5D551622E}.Debug|x86.ActiveCfg = Debug|Win32
		{9E6E7DD2-BCC0-47A0-94FC-02F5D551622E}.Debug|x86.Build.0 = Debug|Win32
		{9E6E7DD2-BCC0-47A0-94FC-02F5D551622E}.Release|x64.ActiveCfg = Release|x64
		{9E6E7DD2-BCC0-47A0-94FC-02F5D551622E}.Release|x64.Build.0 = Release|x64
		{9E6E7DD2-BCC0-47A0-94FC-02F5D551622E}.Release|x86.ActiveCfg = Release|Win32
		{9E6E7DD2-BCC0-47A0-94FC-02F5D551622E}.Release|x86.Build.0 = Release|Win32
		{619FEAD4-79CA-499C-A436-B64744A90952}.Debug|x64.ActiveCfg = Debug|x64
		{619FEAD4-79CA-499C-A436-B64744A90952}.Debug|x64.Build.0 = Debug|x64
		{619FEAD4-79CA-499C-A436-B64744A90952}.Debug|x86.ActiveCfg = Debug|Win32
		{619FEAD4-79CA-499C-A436-B64744A90952}.Debug|x86.Build.0 = Debug|Win32
		{619FEAD4-79CA-499C-A436-B64744A90952}.Release|x64.ActiveCfg = Release|x64
		{619FEAD4-79CA-499C-A436-B64744A90952}.Release|x64.Build.0 = Release|x64
		{619FEAD4-79CA-499C-A436-B64744A90952}.Release|x86.ActiveCfg = Release|Win32
		{619FEAD4-79CA-499C-A436-B64744A90952}.Release|x86.Build.0 = Release|Win32
		{29968C16-2EF8-47B9-A229-57D2F77D9BFF}.Debug|x64.ActiveCfg = Debug|x64
		{29968C16-2EF8-47B9-A229-57D2F77D9BFF}.Debug|x64.Build.0 = Debug|x64
		{29968C16-2EF8-47B9-A229-57D2F77D9BFF}.Debug|x86.ActiveCfg = Debug|Win32
		{29968C16-2EF8-47B9-A229-57D2F77D9BFF}.Debug|x86.Build.0 = Debug|Win32
		{29968C16-2EF8-47B9-A229-57D2F77D9BFF}.Release|x64.ActiveCfg = Release|x64
		{29968C16-2EF8-47B9-A229-57D2F77D9BFF}.Release|x64.Build.0 = Release|x64
		{29968C16-2EF8-47B9-A229-57D2F77D9BFF}.Release|x86.ActiveCfg = Release|Win32
		{29968C16-2EF8-47B9-A229-57D2F77D9BFF}.Release|x86.Build.0 = Release|Win32
		{ECBD2DEC-237F-4158-9689-E3355C84638E}.Debug|x64.ActiveCfg = Debug|x64
		{ECBD2DEC-237F-4158-9689-E3355C84638E}.Debug|x64.Build.0 = Debug|x64
		{ECBD2DEC-237F-4158-9689-E3355C84638E}.Debug|x86.ActiveCfg = Debug|Win32
		{ECBD2DEC-237F-4158-9689-E3355C84638E}.Debug|x86.Build.0 = Debug|Win32
		{ECBD2DEC-237F-4158-9689-E3355C84638E}.Release|x64.ActiveCfg = Release|x64
		{ECBD2DEC-237F-4158-9689-E3355C84638E}.Release|x64.Build.0 = Release|x64
		{ECBD2DEC-237F-4158-9689-E3355C84638E}.Release|x86.ActiveCfg = Release|Win32
		{ECBD2DEC-237F-4158-9689-E3355C84638E}.Release|x86.Build.0 = Release|Win32
		{07C85EF3-960D-47B9-A6EF-EE94992160C3}.Debug|x64.ActiveCfg = Debug|x64
		{07C85EF3-960D-47B9-A6EF-EE94992160C3}.Debug|x64.Build.0 = Debug|x64
		{07C85EF3-960D-47B9-A6EF-EE94992160C3}.Debug|x86.ActiveCfg = Debug|Win32
		{07C85EF3-960D-47B9-A6EF-EE94992160C3}.Debug|x86.Build.0 = Debug|Win32
		{07C85EF3-960D-47B9-A6EF-EE94992160C3}.Release|x64.ActiveCfg = Release|x64
		{07C85EF3-960D-47B9-A6EF-EE94992160C3}.Release|x64.Build.0 = Release|x64
		{07C85EF3-960D-47B9-A6EF-EE94992160C3}.Release|x86.ActiveCfg = Release|Win32
		{07C85EF3-960D-47B9-A6EF-EE94992160C3}.Release|x86.Build.0 = Release|Win32
		{001F414A-3085-4D82-A974-B9845577A876}.Debug|x64.ActiveCfg = Debug|x64
		{001F414A-3085-4D82-A974-B9845577A876}.Debug|x64.Build.0 = Debug|x64
		{001F414A-3085-4D82-A974-B9845577A876}.Debug|x86.ActiveCfg = Debug|Win32
		{001F414A-3085-4D82-A974-B9845577A876}.Debug|x86.Build.0 = Debug|Win32
		{001F414A-3085-4D82-A974-B9845577A876}.Release|x64.ActiveCfg = Release|x64
		{001F414A-3085-4D82-A974-B9845577A876}.Release|x64.Build.0 = Release|x64
		{001F414A-3085-4D82-A974-B9845577A876}.Release|x86.ActiveCfg = Release|Win32
		{001F414A-3085-4D82-A974-B9845577A876}.Release|x86.Build.0 = Release|Win32
		{13B0FBD2-9F00-48E4-88DE-F36537AB0A1F}.Debug|x64.ActiveCfg = Debug|x64
		{13B0FBD2-9F00-48E4-88DE-F36537AB0A1F}.Debug|x64.Build.0 = Debug|x64
		{13B0FBD2-9F00-48E4-88DE-F36537AB0A1F}.Debug|x86.ActiveCfg = Debug|Win32
		{13B0FBD2-9F00-48E4-88DE-F36537AB0A1F}.Debug|x86.Build.0 = Debug|Win32
		{13B0FBD2-9F00-48E4-88DE-F36537AB0A1F}.Release|x64.ActiveCfg = Release|x64
		{13B0FBD2-9F00-48E4-88DE-F36537AB0A1F}.Release|x64.Build.0 = Release|x64
		{13B0FBD2-9F00-48E4-88DE-F36537AB0A1F}.Release|x86.ActiveCfg = Release|Win32
		{13B0FBD2-9F00-48E4-88DE-F36537AB0A1F}.Release|x86.Build.0 = Release|Win32
		{D6FAEAC0-3DE7-465E-9BF7-5DEBA52EAF5F}.Debug|x64.ActiveCfg = Debug|x64
		{D6FAEAC0-3DE7-465E-9BF7-5DEBA52EAF5F}.Debug|x64.Build.0 = Debug|x64
		{D6FAEAC0-3DE7-465E-9BF7-5DEBA52EAF5F}.Debug|x86.ActiveCfg = Debug|Win32
		{D6FAEAC0-3DE7-465E-9BF7-5DEBA52EAF5F}.Debug|x86.Build.0 = Debug|Win32
		{D6FAEAC0-3DE7-465E-9BF7-5DEBA52EAF5F}.Release|x64.ActiveCfg = Release|x64
		{D6FAEAC0-3DE7-465E-9BF7-5DEBA52EAF5F}.Release|x64.Build.0 = Release|x64
		{D6FAEAC0-3DE7-465E-9BF7-5DEBA52EAF5F}.Release|x86.ActiveCfg = Release|Win32
		{D6FAEAC0-3DE7-465E-9BF7-5DEBA52EAF5F}.Release|x86.Build.0 = Release|Win32
		{6D219EC0-906C-4B8D-8795-64AD11092479}.Debug|x64.ActiveCfg = Debug|x64
		{6D219EC0-906C-4B8D-8795-64AD11092479}.Debug|x64.Build.0 = Debug|x64
		{6D219EC0-906C-4B8D-8795-64AD11092479}.Debug|x86.ActiveCfg = Debug|Win32
		{6D219EC0-906C-4B8D-8795-64AD11092479}.Debug|x86.Build.0 = Debug|Win32
		{6D219EC0-906C-4B8D-8795-64AD11092479}.Release|x64.ActiveCfg = Release|x64
		{6D219EC0-906C-4B8D-8795-64AD11092479}.Release|x64.Build.0 = Release|x64
		{6D219EC0-906C-4B8D-8795-64AD11092479}.Release|x86.ActiveCfg = Release|Win32
		{6D219EC0-906C-4B8D-8795-64AD11092479}.Release|x86.Build.0 = Release|Win32
		{C786E1AA-41DE-4730-B3F7-5D7CD81945D3}.Debug|x64.ActiveCfg = Debug|x64
		{C786E1AA-41DE-4730-B3F7-5D7CD81945D3}.Debug|x64.Build.0 = Debug|x64
		{C786E1AA-41DE-4730-B3F7-5D7CD81945D3}.Debug|x86.ActiveCfg = Debug|Win32
		{C786E1AA-41DE-4730-B3F7-5D7CD81945D3}.Debug|x86.Build.0 = Debug|Win32
		{C786E1AA-41DE-4730-B3F7-5D7CD81945D3}.Release|x64.ActiveCfg = Release|x64
		{C786E1AA-41DE-4730-B3F7-5D7CD81945D3}.Release|x64.Build.0 = Release|x64
		{C786E1AA-41DE-4730-B3F7-5D7CD81945D3}.Release|x86.ActiveCfg = Release|Win32
		{C786E1AA-41DE-4730-B3F7-5D7CD81945D3}.Release|x86.Build.0 = Release|Win32
		{3C3CA52A-438D-4876-9AAE-EE34477DA7AB}.Debug|x64.ActiveCfg = Debug|x64
		{3C3CA52A-438D-4876-9AAE-EE34477DA7AB}.Debug|x64.Build.0 = Debug|x64
		{3C3CA52A-438D-4876-9AAE-EE34477DA7AB}.Debug|x86.ActiveCfg = Debug|Win32
		{3C3CA52A-438D-4876-9AAE-EE34477DA7AB}.Debug|x86.Build.0 = Debug|Win32
		{3C3CA52A-438D-4876-9AAE-EE34477DA7AB}.Release|x64.ActiveCfg = Release|x64
		{3C3CA52A-438D-4876-9AAE-EE34477DA7AB}.Release|x64.Build.0 = Release|x64
		{3C3CA52A-438D-4876-9AAE-EE34477DA7AB}.Release|x86.ActiveCfg = Release|Win32
		{3C3CA52A-438D-4876-9AAE-EE34477DA7AB}.Release|x86.Build.0 = Release|Win32
		{482DC1C9-FC9C-43E5-A270-C357A4559982}.Debug|x64.ActiveCfg = Debug|x64
		{482DC1C9-FC9C-43E5-A270-C357A4559982}.Debug|x64.Build.0 = Debug|x64
		{482DC1C9-FC9C-43E5-A270-C357A4559982}.Debug|x86.ActiveCfg = Debug|Win32
		{482DC1C9-FC9C-43E5-A270-C357A4559982}.Debug|x86.Build.0 = Debug|Win32
		{482DC1C9-FC9C-43E5-A270-C357A4559982}.Release|x64.ActiveCfg = Release|x64
		{482DC1C9-FC9C-43E5-A270-C357A4559982}.Release|x64.Build.0 = Release|x64
		{482DC1C9-FC9C-43E5-A270-C357A4559982}.Release|x86.ActiveCfg = Release|Win32
		{482DC1C9-FC9C-43E5-A270-C357A4559982}.Release|x86.Build.0 = Release|Win32
		{E6171BA1-EF1B-4615-9EC3-32E01D521207}.Debug|x64.ActiveCfg = Debug|x64
		{E6171BA1-EF1B-4615-9EC3-32E01D521207}.Debug|x64.Build.0 = Debug|x64
		{E6171BA1-EF1B-4615-9EC3-32E01D521207}.Debug|x86.ActiveCfg = Debug|Win32
		{E6171BA1-EF1B-4615-9EC3-32E01D521207}.Debug|x86.Build.0 = Debug|Win32
		{E6171BA1-EF1B-4615-9EC3-32E01D521207}.Release|x64.ActiveCfg = Release|x64
		{E6171BA1-EF1B-4615-9EC3-32E01D521207}.Release|x64.Build.0 = Release|x64
		{E6171BA1-EF1B-4615-9EC3-32E01D521207}.Release|x86.ActiveCfg = Release|Win32
		{E6171BA1-EF1B-4615-9EC3-32E01D521207}.Release|x86.Build.0 = Release|Win32
		{DC2534A7-087E-46AA-99E0-1B61884A1B71}.Debug|x64.ActiveCfg = Debug|x64
		{DC2534A7-087E-46AA-99E0-1B61884A1B71}.Debug|x64.Build.0 = Debug|x64
		{DC2534A7-087E-46AA-99E0-1B61884A1B71}.Debug|x86.ActiveCfg = Debug|Win32
		{DC2534A7-087E-46AA-99E0-1B61884A1B71}.Debug|x86.Build.0 = Debug|Win32
		{DC2534A7-087E-46AA-99E0-1B61884A1B71}.Release|x64.ActiveCfg = Release|x64
		{DC2534A7-087E-46AA-99E0-1B61884A1B71}.Release|x64.Build.0 = Release|x64
		{DC2534A7-087E-46AA-99E0-1B61884A1B71}.Release|x86.ActiveCfg = Release|Win32
		{DC2534A7-087E-46AA-99E0-1B61884A1B71}.Release|x86.Build.0 = Release|Win32
		{AA799E84-E4A9-492D-8DA3-FFECD04F0C57}.Debug|x64.ActiveCfg = Debug|x64
		{AA799E84-E4A9-492D-8DA3-FFECD04F0C57}.Debug|x64.Build.0 = Debug|x64
		{AA799E84-E4A9-492D-8DA3-FFECD04F0C57}.Debug|x86.ActiveCfg = Debug|Win32
		{AA799E84-E4A9-492D-8DA3-FFECD04F0C57}.Debug|x86.Build.0 = Debug|Win32
		{AA799E84-E4A9-492D-8DA3-FFECD04F0C57}.Release|x64.ActiveCfg = Release|x64
		{AA799E84-E4A9-492D-8DA3-FFECD04F0C57}.Release|x64.Build.0 = Release|x64
		{AA799E84-E4A9-492D-8DA3-FFECD04F0C57}.Release|x86.ActiveCfg = Release|Win32
		{AA799E84-E4A9-492D-8DA3-FFECD04F0C57}.Release|x86.Build.0 = Release|Win32
		{20F46B2A-4FFE-4620-989B-51D794DC7F09}.Debug|x64.ActiveCfg = Debug|x64
		{20F46B2A-4FFE-4620-989B-51D794DC7F09}.Debug|x64.Build.0 = Debug|x64
		{20F46B2A-4FFE-4620-989B-51D794DC7F09}.Debug|x86.ActiveCfg = Debug|Win32
		{20F46B2A-4FFE-4620-989B-51D794DC7F09}.Debug|x86.Build.0 = Debug|Win32
		{20F46B2A-4FFE-4620-989B-51D794DC7F09}.Release|x64.ActiveCfg = Release|x64
		{20F46B2A-4FFE-4620-989B-51D794DC7F09}.Release|x64.Build.0 = Release|x64
		{20F46B2A-4FFE-4620-989B-51D794DC7F09}.Release|x86.ActiveCfg = Release|Win32
		{20F46B2A-4FFE-4620-989B-51D794DC7F09}.Release|x86.Build.0 = Release|Win32
		{DDE8B544-94EE-4B18-AAF5-F8BC43E07AC7}.Debug|x64.ActiveCfg = Debug|x64
		{DDE8B544-94EE-4B18-AAF5-F8BC43E07AC7}.Debug|x64.Build.0 = Debug|x64
		{DDE8B544-94EE-4B18-AAF5-F8BC43E07AC7}.Debug|x86.ActiveCfg = Debug|Win32
		{DDE8B544-94EE-4B18-AAF5-F8BC43E07AC7}.Debug|x86.Build.0 = Debug|Win32
		{DDE8B544-94EE-4B18-AAF5-F8BC43E07AC7}.Release|x64.ActiveCfg = Release|x64
		{DDE8B544-94EE-4B18-AAF5-F8BC43E07AC7}.Release|x64.Build.0 = Release|x64
		{DDE8B544-94EE-4B18-AAF5-F8BC43E07AC7}.Release|x86.ActiveCfg = Release|Win32
		{DDE8B544-94EE-4B18-AAF5-F8BC43E07AC7}.Release|x86.Build.0 = Release|Win32
		{71FA3483-F5FA-4D8C-ADDC-6EF4EC3DF4D2}.Debug|x64.ActiveCfg = Debug|x64
		{71FA3483-F5FA-4D8C-ADDC-6EF4EC3DF4D2}.Debug|x64.Build.0 = Debug|x64
		{71FA3483-F5FA-4D8C-ADDC-6EF4EC3DF4D2}.Debug|x86.ActiveCfg = Debug|Win32
		{71FA3483-F5FA-4D8C-ADDC-6EF4EC3DF4D2}.Debug|x86.Build.0 = Debug|Win32
		{71FA3483-F5FA-4D8C-ADDC-6EF4EC3DF4D2}.Release|x64.ActiveCfg = Release|x64
		{71FA3483-F5FA-4D8C-ADDC-6EF4EC3DF4D2}.Release|x64.Build.0 = Release|x64
		{71FA3483-F5FA-4D8C-ADDC-6EF4EC3DF4D2}.Release|x86.ActiveCfg = Release|Win32
		{71FA3483-F5FA-4D8C-ADDC-6EF4EC3DF4D2}.Release|x86.Build.0 = Release|Win32
		{F238C5CF-09F2-445E-A7D8-DA5B7EC3BD75}.Debug|x64.ActiveCfg = Debug|x64
		{F238C5CF-09F2-445E-A7D8-DA5B7EC3BD75}.Debug|x64.Build.0 = Debug|x64
		{F238C5CF-09F2-445E-A7D8-DA5B7EC3BD75}.Debug|x86.ActiveCfg = Debug|Win32
		{F238C5CF-09F2-445E-A7D8-DA5B7EC3BD75}.Debug|x86.Build.0 = Debug|Win32
		{F238C5CF-09F2-445E-A7D8-DA5B7EC3BD75}.Release|x64.ActiveCfg = Release|x64
		{F238C5CF-09F2-445E-A7D8-DA5B7EC3BD75}.Release|x64.Build.0 = Release|x64
		{F238C5CF-09F2-445E-A7D8-DA5B7EC3BD75}.Release|x86.ActiveCfg = Release|Win32
		{F238C5CF-09F2-445E-A7D8-DA5B7EC3BD75}.Release|x86.Build.0 = Release|Win32
		{06573368-07EB-4EDE-A943-4A99B60FAFE3}.Debug|x64.ActiveCfg = Debug|x64
		{06573368-07EB-4EDE-A943-4A99B60FAFE3}.Debug|x64.Build.0 = Debug|x64
		{06573368-07EB-4EDE-A943-4A99B60FAFE3}.Debug|x86.ActiveCfg = Debug|Win32
		{06573368-07EB-4EDE-A943-4A99B60FAFE3}.Debug|x86.Build.0 = Debug|Win32
		{06573368-07EB-4EDE-A943-4A99B60FAFE3}.Release|x64.ActiveCfg = Release|x64
		{06573368-07EB-4EDE-A943-4A99B60FAFE3}.Release|x64.Build.0 = Release|x64
		{06573368-07EB-4EDE-A943-4A99B60FAFE3}.Release|x86.ActiveCfg = Release|Win32
		{06573368-07EB-4EDE-A943-4A99B60FAFE3}.Release|x86.Build.0 = Release|Win32
		{D840BFCC-C89A-41DF-8026-2500B570BA54}.Debug|x64.ActiveCfg = Debug|x64
		{D840BFCC-C89A-41DF-8026-2500B570BA54}.Debug|x64.Build.0 = Debug|x64
		{D840BFCC-C89A-41DF-8026-2500B570BA54}.Debug|x86.ActiveCfg = Debug|Win32
		{D840BFCC-C89A-41DF-8026-2500B570BA54}.Debug|x86.Build.0 = Debug|Win32
		{D840BFCC-C89A-41DF-8026-2500B570BA54}.Release|x64.ActiveCfg = Release|x64
		{D840BFCC-C89A-41DF-8026-2500B570BA54}.Release|x64.Build.0 = Release|x64
		{D840BFCC-C89A-41DF-8026-2500B570BA54}.Release|x86.ActiveCfg = Release|Win32
		{D840BFCC-C89A-41DF-8026-2500B570BA54}.Release|x86.Build.0 = Release|Win32
		{66E30466-96E3-4D91-8F5B-4BF31CC6FA5D}.Debug|x64.ActiveCfg = Debug|x64
		{66E30466-96E3-4D91-8F5B-4BF31CC6FA5D}.Debug|x64.Build.0 = Debug|x64
		{66E30466-96E3-4D91-8F5B-4BF31CC6FA5D}.Debug|x86.ActiveCfg = Debug|Win32
		{66E30466-96E3-4D91-8F5B-4BF31CC6FA5D}.Debug|x86.Build.0 = Debug|Win32
		{66E30466-96E3-4D91-8F5B-4BF31CC6FA5D}.Release|x64.ActiveCfg = Release|x64
		{66E30466-96E3-4D91-8F5B-4BF31CC6FA5D}.Release|x64.Build.0 = Release|x64
		{66E30466-96E3-4D91-8F5B-4BF31CC6FA5D}.Release|x86.ActiveCfg = Release|Win32
		{66E30466-96E3-4D91-8F5B-4BF31CC6FA5D}.Release|x86.Build.0 = Release|Win32
		{BDC9A6B3-11E9-4169-891F-C0EFA23BC0FE}.Debug|x64.ActiveCfg = Debug|x64
		{BDC9A6B3-11E9-4169-891F-C0EFA23BC0FE}.Debug|x64.Build.0 = Debug|x64
		{BDC9A6B3-11E9-4169-891F-C0EFA23BC0FE}.Debug|x86.ActiveCfg = Debug|Win32
		{BDC9A6B3-11E9-4169-891F-C0EFA23BC0FE}.Debug|x86.Build.0 = Debug|Win32
		{BDC9A6B3-11E9-4169-891F-C0EFA23BC0FE}.Release|x64.ActiveCfg = Release|x64
		{BDC9A6B3-11E9-4169-891F-C0EFA23BC0FE}.Release|x64.Build.0 = Release|x64
		{BDC9A6B3-11E9-4169-891F-C0EFA23BC0FE}.Release|x86.ActiveCfg = Release|Win32
		{BDC9A6B3-11E9-4169-891F-C0EFA23BC0FE}.Release|x86.Build.0 = Release|Win32
		{208B885E-5382-45BB-9050-87F9ADEC1DF9}.Debug|x64.ActiveCfg = Debug|x64
		{208B885E-5382-45BB-9050-87F9ADEC1DF9}.Debug|x64.Build.0 = Debug|x64
		{208B885E-5382-45BB-9050-87F9ADEC1DF9}.Debug|x86.ActiveCfg = Debug|Win32
		{208B885E-5382-45BB-9050-87F9ADEC1DF9}.Debug|x86.Build.0 = Debug|Win32
		{208B885E-5382-45BB-9050-87F9ADEC1DF9}.Release|x64.ActiveCfg = Release|x64
		{208B885E-5382-45BB-9050-87F9ADEC1DF9}.Release|x64.Build.0 = Release|x64
		{208B885E-5382-45BB-9050-87F9ADEC1DF9}.Release|x86.ActiveCfg = Release|Win32
		{208B885E-5382-45BB-9050-87F9ADEC1DF9}.Release|x86.Build.0 = Release|Win32
		{7EAE7155-E2E7-4BC9-A844-B12BB9A27690}.Debug|x64.ActiveCfg = Debug|x64
		{7EAE7155-E2E7-4BC9-A844-B12BB9A27690}.Debug|x64.Build.0 = Debug|x64
		{7EAE7155-E2E7-4BC9-A844-B12BB9A27690}.Debug|x86.ActiveCfg = Debug|Win32
		{7EAE7155-E2E7-4BC9-A844-B12BB9A27690}.Debug|x86.Build.0 = Debug|Win32
		{7EAE7155-E2E7-4BC9-A844-B12BB9A27690}.Release|x64.ActiveCfg = Release|x64
		{7EAE7155-E2E7-4BC9-A844-B12BB9A27690}.Release|x64.Build.0 = Release|x64
		{7EAE7155-E2E7-4BC9-A844-B12BB9A27690}.Release|x86.ActiveCfg = Release|Win32
		{7EAE7155-E2E7-4BC9-A844-B12BB9A27690}.Release|x86.Build.0 = Release|Win32
		{64746210-323D-409E-A66E-BE545CFFB9D0}.Debug|x64.ActiveCfg = Debug|x64
		{64746210-323D-409E-A66E-BE545CFFB9D0}.Debug|x64.Build.0 = Debug|x64
		{64746210-323D-409E-A66E-BE545CFFB9D0}.Debug|x86.ActiveCfg = Debug|Win32
		{64746210-323D-409E-A66E-BE545CFFB9D0}.Debug|x86.Build.0 = Debug|Win32
		{64746210-323D-409E-A66E-BE545CFFB9D0}.Release|x64.ActiveCfg = Release|x64
		{64746210-323D-409E-A66E-BE545CFFB9D0}.Release|x64.Build.0 = Release|x64
		{64746210-323D-409E-A66E-BE545CFFB9D0}.Release|x86.ActiveCfg = Release|Win32
		{64746210-323D-409E-A66E-BE545CFFB9D0}.Release|x86.Build.0 = Release|Win32
		{2EA862A8-BE45-4F0A-8E2D-213CCE3099D3}.Debug|x64.ActiveCfg = Debug|x64
		{2EA862A8-BE45-4F0A-8E2D-213CCE3099D3}.Debug|x64.Build.0 = Debug|x64
		{2EA862A8-BE45-4F0A-8E2D-213CCE3099D3}.Debug|x86.ActiveCfg = Debug|Win32
		{2EA862A8-BE45-4F0A-8E2D-213CCE3099D3}.Debug|x86.Build.0 = Debug|Win32
		{2EA862A8-BE45-4F0A-8E2D-213CCE3099D3}.Release|x64.ActiveCfg = Release|x64
		{2EA862A8-BE45-4F0A-8E2D-213CCE3099D3}.Release|x64.Build.0 = Release|x64
		{2EA862A8-BE45-4F0A-8E2D-213CCE3099D3}.Release|x86.ActiveCfg = Release|Win32
		{2EA862A8-BE45-4F0A-8E2D-213CCE3099D3}.Release|x86.Build.0 = Release|Win32
		{8549BDE2-5B5C-47BD-80DA-3841FA841FAF}.Debug|x64.ActiveCfg = Debug|Win32
		{8549BDE2-5B5C-47BD-80DA-3841FA841FAF}.Debug|x64.Build.0 = Debug|Win32
		{8549BDE2-5B5C-47BD-80DA-3841FA841FAF}.Debug|x86.ActiveCfg = Debug|Win32
		{8549BDE2-5B5C-47BD-80DA-3841FA841FAF}.Debug|x86.Build.0 = Debug|Win32
		{8549BDE2-5B5C-47BD-80DA-3841FA841FAF}.Release|x64.ActiveCfg = Release|Win32
		{8549BDE2-5B5C-47BD-80DA-3841FA841FAF}.Release|x64.Build.0 = Release|Win32
		{8549BDE2-5B5C-47BD-80DA-3841FA841FAF}.Release|x86.ActiveCfg = Release|Win32
		{8549BDE2-5B5C-47BD-80DA-3841FA841FAF}.Release|x86.Build.0 = Release|Win32
		{DE0D55CE-2858-4DA8-AA69-4F7CBEA21710}.Debug|x64.ActiveCfg = Debug|x64
		{DE0D55CE-2858-4DA8-AA69-4F7CBEA21710}.Debug|x64.Build.0 = Debug|x64
		{DE0D55CE-2858-4DA8-AA69-4F7CBEA21710}.Debug|x86.ActiveCfg = Debug|Win32
		{DE0D55CE-2858-4DA8-AA69-4F7CBEA21710}.Debug|x86.Build.0 = Debug|Win32
		{DE0D55CE-2858-4DA8-AA69-4F7CBEA21710}.Release|x64.ActiveCfg = Release|x64
		{DE0D55CE-2858-4DA8-AA69-4F7CBEA21710}.Release|x64.Build.0 = Release|x64
		{DE0D55CE-2858-4DA8-AA69-4F7CBEA21710}.Release|x86.ActiveCfg = Release|Win32
		{DE0D55CE-2858-4DA8-AA69-4F7CBEA21710}.Release|x86.Build.0 = Release|Win32
		{92BE0D1E-9668-4851-A726-1D6B613477C7}.Debug|x64.ActiveCfg = Debug|Win32
		{92BE0D1E-9668-4851-A726-1D6B613477C7}.Debug|x64.Build.0 = Debug|Win32
		{92BE0D1E-9668-4851-A726-1D6B613477C7}.Debug|x86.ActiveCfg = Debug|Win32
		{92BE0D1E-9668-4851-A726-1D6B613477C7}.Debug|x86.Build.0 = Debug|Win32
		{92BE0D1E-9668-4851-A726-1D6B613477C7}.Release|x64.ActiveCfg = Release|Win32
		{92BE0D1E-9668-4851-A726-1D6B613477C7}.Release|x64.Build.0 = Release|Win32
		{92BE0D1E-9668-4851-A726-1D6B613477C7}.Release|x86.ActiveCfg = Release|Win32
		{92BE0D1E-9668-4851-A726-1D6B613477C7}.Release|x86.Build.0 = Release|Win32
		{4FD4E317-27A0-475E-A7F8-A26013E8F454}.Debug|x64.ActiveCfg = Debug|x64
		{4FD4E317-27A0-475E-A7F8-A26013E8F454}.Debug|x64.Build.0 = Debug|x64
		{4FD4E317-27A0-475E-A7F8-A26013E8F454}.Debug|x86.ActiveCfg = Debug|Win32
		{4FD4E317-27A0-475E-A7F8-A26013E8F454}.Debug|x86.Build.0 = Debug|Win32
		{4FD4E317-27A0-475E-A7F8-A26013E8F454}.Release|x64.ActiveCfg = Release|x64
		{4FD4E317-27A0-475E-A7F8-A26013E8F454}.Release|x64.Build.0 = Release|x64
		{4FD4E317-27A0-475E-A7F8-A26013E8F454}.Release|x86.ActiveCfg = Release|Win32
		{4FD4E317-27A0-475E-A7F8-A26013E8F454}.Release|x86.Build.0 = Release|Win32
		{678903C6-7D24-4B21-9704-BCA7C8C8715B}.Debug|x64.ActiveCfg = Debug|Win32
		{678903C6-7D24-4B21-9704-BCA7C8C8715B}.Debug|x64.Build.0 = Debug|Win32
		{678903C6-7D24-4B21-9704-BCA7C8C8715B}.Debug|x86.ActiveCfg = Debug|Win32
		{678903C6-7D24-4B21-9704-BCA7C8C8715B}.Debug|x86.Build.0 = Debug|Win32
		{678903C6-7D24-4B21-9704-BCA7C8C8715B}.Release|x64.ActiveCfg = Release|x64
		{678903C6-7D24-4B21-9704-BCA7C8C8715B}.Release|x64.Build.0 = Release|x64
		{678903C6-7D24-4B21-9704-BCA7C8C8715B}.Release|x86.ActiveCfg = Release|Win32
		{678903C6-7D24-4B21-9704-BCA7C8C8715B}.Release|x86.Build.0 = Release|Win32
		{AA7C5518-C13D-4DE9-B828-48704D239A0B}.Debug|x64.ActiveCfg = Debug|Win32
		{AA7C5518-C13D-4DE9-B828-48704D239A0B}.Debug|x64.Build.0 = Debug|Win32
		{AA7C5518-C13D-4DE9-B828-48704D239A0B}.Debug|x86.ActiveCfg = Debug|Win32
		{AA7C5518-C13D-4DE9-B828-48704D239A0B}.Debug|x86.Build.0 = Debug|Win32
		{AA7C5518-C13D-4DE9-B828-48704D239A0B}.Release|x64.ActiveCfg = Release|x64
		{AA7C5518-C13D-4DE9-B828-48704D239A0B}.Release|x64.Build.0 = Release|x64
		{AA7C5518-C13D-4DE9-B828-48704D239A0B}.Release|x86.ActiveCfg = Release|Win32
		{AA7C5518-C13D-4DE9-B828-48704D239A0B}.Release|x86.Build.0 = Release|Win32
		{45DF1167-4024-49FF-B30B-9EF8C6A8BE56}.Debug|x64.ActiveCfg = Debug|x64
		{45DF1167-4024-49FF-B30B-9EF8C6A8BE56}.Debug|x64.Build.0 = Debug|x64
		{45DF1167-4024-49FF-B30B-9EF8C6A8BE56}.Debug|x86.ActiveCfg = Debug|Win32
		{45DF1167-4024-49FF-B30B-9EF8C6A8BE56}.Debug|x86.Build.0 = Debug|Win32
		{45DF1167-4024-49FF-B30B-9EF8C6A8BE56}.Release|x64.ActiveCfg = Release|x64
		{45DF1167-4024-49FF-B30B-9EF8C6A8BE56}.Release|x64.Build.0 = Release|x64
		{45DF1167-4024-49FF-B30B-9EF8C6A8BE56}.Release|x86.ActiveCfg = Release|Win32
		{45DF1167-4024-49FF-B30B-9EF8C6A8BE56}.Release|x86.Build.0 = Release|Win32
		{85736D4F-19E7-479F-987D-ED31983DA755}.Debug|x64.ActiveCfg = Debug|Win32
		{85736D4F-19E7-479F-987D-ED31983DA755}.Debug|x64.Build.0 = Debug|Win32
		{85736D4F-19E7-479F-987D-ED31983DA755}.Debug|x86.ActiveCfg = Debug|Win32
		{85736D4F-19E7-479F-987D-ED31983DA755}.Debug|x86.Build.0 = Debug|Win32
		{85736D4F-19E7-479F-987D-ED31983DA755}.Release|x64.ActiveCfg = Release|x64
		{85736D4F-19E7-479F-987D-ED31983DA755}.Release|x64.Build.0 = Release|x64
		{85736D4F-19E7-479F-987D-ED31983DA755}.Release|x86.ActiveCfg = Release|Win32
		{85736D4F-19E7-479F-987D-ED31983DA755}.Release|x86.Build.0 = Release|Win32
		{78DFFB57-D4B4-4956-A84B-79DE84CFCB3C}.Debug|x64.ActiveCfg = Debug|x64
		{78DFFB57-D4B4-4956-A84B-79DE84CFCB3C}.Debug|x64.Build.0 = Debug|x64
		{78DFFB57-D4B4-4956-A84B-79DE84CFCB3C}.Debug|x86.ActiveCfg = Debug|Win32
		{78DFFB57-D4B4-4956-A84B-79DE84CFCB3C}.Debug|x86.Build.0 = Debug|Win32
		{78DFFB57-D4B4-4956-A84B-79DE84CFCB3C}.Release|x64.ActiveCfg = Release|x64
		{78DFFB57-D4B4-4956-A84B-79DE84CFCB3C}.Release|x64.Build.0 = Release|x64
		{78DFFB57-D4B4-4956-A84B-79DE84CFCB3C}.Release|x86.ActiveCfg = Release|Win32
		{78DFFB57-D4B4-4956-A84B-79DE84CFCB3C}.Release|x86.Build.0 = Release|Win32
		{C49BA3E3-6F89-4B84-AF4C-1520EDB95A65}.Debug|x64.ActiveCfg = Debug|x64
		{C49BA3E3-6F89-4B84-AF4C-1520EDB95A65}.Debug|x64.Build.0 = Debug|x64
		{C49BA3E3-6F89-4B84-AF4C-1520EDB95A65}.Debug|x86.ActiveCfg = Debug|Win32
		{C49BA3E3-6F89-4B84-AF4C-1520EDB95A65}.Debug|x86.Build.0 = Debug|Win32
		{C49BA3E3-6F89-4B84-AF4C-1520EDB95A65}.Release|x64.ActiveCfg = Release|x64
		{C49BA3E3-6F89-4B84-AF4C-1520EDB95A65}.Release|x64.Build.0 = Release|x64
		{C49BA3E3-6F89-4B84-AF4C-1520EDB95A65}.Release|x86.ActiveCfg = Release|Win32
		{C49BA3E3-6F89-4B84-AF4C-1520EDB95A65}.Release|x86.Build.0 = Release|Win32
		{B777D4AA-4C7F-4200-9E72-F7323815B81A}.Debug|x64.ActiveCfg = Debug|x64
		{B777D4AA-4C7F-4200-9E72-F7323815B81A}.Debug|x64.Build.0 = Debug|x64
		{B777D4AA-4C7F-4200-9E72-F7323815B81A}.Debug|x86.ActiveCfg = Debug|Win32
		{B777D4AA-4C7F-4200-9E72-F7323815B81A}.Debug|x86.Build.0 = Debug|Win32
		{B777D4AA-4C7F-4200-9E72-F7323815B81A}.Release|x64.ActiveCfg = Release|x64
		{B777D4AA-4C7F-4200-9E72-F7323815B81A}.Release|x64.Build.0 = Release|x64
		{B777D4AA-4C7F-4200-9E72-F7323815B81A}.Release|x86.ActiveCfg = Release|Win32
		{B777D4AA-4C7F-4200-9E72-F7323815B81A}.Release|x86.Build.0 = Release|Win32
		{5A763AF4-2DE6-4319-8389-F7A54FFB6014}.Debug|x64.ActiveCfg = Debug|x64
		{5A763AF4-2DE6-4319-8389-F7A54FFB6014}.Debug|x64.Build.0 = Debug|x64
		{5A763AF4-2DE6-4319-8389-F7A54FFB6014}.Debug|x86.ActiveCfg = Debug|Win32
		{5A763AF4-2DE6-4319-8389-F7A54FFB6014}.Debug|x86.Build.0 = Debug|Win32
		{5A763AF4-2DE6-4319-8389-F7A54FFB6014}.Release|x64.ActiveCfg = Release|x64
		{5A763AF4-2DE6-4319-8389-F7A54FFB6014}.Release|x64.Build.0 = Release|x64
		{5A763AF4-2DE6-4319-8389-F7A54FFB6014}.Release|x86.ActiveCfg = Release|Win32
		{5A763AF4-2DE6-4319-8389-F7A54FFB6014}.Release|x86.Build.0 = Release|Win32
		{CE2C358F-C2B4-4BD4-93C4-E2FE0257FC57}.Debug|x64.ActiveCfg = Debug|x64
		{CE2C358F-C2B4-4BD4-93C4-E2FE0257FC57}.Debug|x64.Build.0 = Debug|x64
		{CE2C358F-C2B4-4BD4-93C4-E2FE0257FC57}.Debug|x86.ActiveCfg = Debug|Win32
		{CE2C358F-C2B4-4BD4-93C4-E2FE0257FC57}.Debug|x86.Build.0 = Debug|Win32
		{CE2C358F-C2B4-4BD4-93C4-E2FE0257FC57}.Release|x64.ActiveCfg = Release|x64
		{CE2C358F-C2B4-4BD4-93C4-E2FE0257FC57}.Release|x64.Build.0 = Release|x64
		{CE2C358F-C2B4-4BD4-93C4-E2FE0257FC57}.Release|x86.ActiveCfg = Release|Win32
		{CE2C358F-C2B4-4BD4-93C4-E2FE0257FC57}.Release|x86.Build.0 = Release|Win32
		{3E0A1396-5789-4480-9632-27B3A9A6CC8B}.Debug|x64.ActiveCfg = Debug|x64
		{3E0A1396-5789-4480-9632-27B3A9A6CC8B}.Debug|x64.Build.0 = Debug|x64
		{3E0A1396-5789-4480-9632-27B3A9A6CC8B}.Debug|x86.ActiveCfg = Debug|Win32
		{3E0A1396-5789-4480-9632-27B3A9A6CC8B}.Debug|x86.Build.0 = Debug|Win32
		{3E0A1396-5789-4480-9632-27B3A9A6CC8B}.Release|x64.ActiveCfg = Release|x64
		{3E0A1396-5789-4480-9632-27B3A9A6CC8B}.Release|x64.Build.0 = Release|x64
		{3E0A1396-5789-4480-9632-27B3A9A6CC8B}.Release|x86.ActiveCfg = Release|Win32
		{3E0A1396-5789-4480-9632-27B3A9A6CC8B}.Release|x86.Build.0 = Release|Win32
		{F53C13C3-050B-49CE-9422-2CA09EF283B8}.Debug|x64.ActiveCfg = Debug|x64
		{F53C13C3-050B-49CE-9422-2CA09EF283B8}.Debug|x64.Build.0 = Debug|x64
		{F53C13C3-050B-49CE-9422-2CA09EF283B8}.Debug|x86.ActiveCfg = Debug|Win32
		{F53C13C3-050B-49CE-9422-2CA09EF283B8}.Debug|x86.Build.0 = Debug|Win32
		{F53C13C3-050B-49CE-9422-2CA09EF283B8}.Release|x64.ActiveCfg = Release|x64
		{F53C13C3-050B-49CE-9422-2CA09EF283B8}.Release|x64.Build.0 = Release|x64
		{F53C13C3-050B-49CE-9422-2CA09EF283B8}.Release|x86.ActiveCfg = Release|Win32
		{F53C13C3-050B-49CE-9422-2CA09EF283B8}.Release|x86.Build.0 = Release|Win32
		{F9190F5E-7FD9-4EE8-ABE5-0C1480F683F3}.Debug|x64.ActiveCfg = Debug|x64
		{F9190F5E-7FD9-4EE8-ABE5-0C1480F683F3}.Debug|x64.Build.0 = Debug|x64
		{F9190F5E-7FD9-4EE8-ABE5-0C1480F683F3}.Debug|x86.ActiveCfg = Debug|Win32
		{F9190F5E-7FD9-4EE8-ABE5-0C1480F683F3}.Debug|x86.Build.0 = Debug|Win32
		{F9190F5E-7FD9-4EE8-ABE5-0C1480F683F3}.Release|x64.ActiveCfg = Release|x64
		{F9190F5E-7FD9-4EE8-ABE5-0C1480F683F3}.Release|x64.Build.0 = Release|x64
		{F9190F5E-7FD9-4EE8-ABE5-0C1480F683F3}.Release|x86.ActiveCfg = Release|Win32
		{F9190F5E-7FD9-4EE8-ABE5-0C1480F683F3}.Release|x86.Build.0 = Release|Win32
		{7430AEDA-D3D2-4819-B5EB-BEF20A6C9837}.Debug|x64.ActiveCfg = Debug|x64
		{7430AEDA-D3D2-4819-B5EB-BEF20A6C9837}.Debug|x64.Build.0 = Debug|x64
		{7430AEDA-D3D2-4819-B5EB-BEF20A6C9837}.Debug|x86.ActiveCfg = Debug|Win32
		{7430AEDA-D3D2-4819-B5EB-BEF20A6C9837}.Debug|x86.Build.0 = Debug|Win32
		{7430AEDA-D3D2-4819-B5EB-BEF20A6C9837}.Release|x64.ActiveCfg = Release|x64
		{7430AEDA-D3D2-4819-B5EB-BEF20A6C9837}.Release|x64.Build.0 = Release|x64
		{7430AEDA-D3D2-4819-B5EB-BEF20A6C9837}.Release|x86.ActiveCfg = Release|Win32
		{7430AEDA-D3D2-4819-B5EB-BEF20A6C9837}.Release|x86.Build.0 = Release|Win32
	EndGlobalSection
	GlobalSection(SolutionProperties) = preSolution
		HideSolutionNode = FALSE
	EndGlobalSection
	GlobalSection(NestedProjects) = preSolution
		{9F77607F-A9C9-4F0B-A9B0-7A9DF92B41CE} = {F22FD92F-49F7-436E-BCA6-CBEB61CF2DCD}
		{9E6E7DD2-BCC0-47A0-94FC-02F5D551622E} = {F22FD92F-49F7-436E-BCA6-CBEB61CF2DCD}
		{619FEAD4-79CA-499C-A436-B64744A90952} = {F22FD92F-49F7-436E-BCA6-CBEB61CF2DCD}
		{29968C16-2EF8-47B9-A229-57D2F77D9BFF} = {F22FD92F-49F7-436E-BCA6-CBEB61CF2DCD}
		{ECBD2DEC-237F-4158-9689-E3355C84638E} = {F22FD92F-49F7-436E-BCA6-CBEB61CF2DCD}
		{07C85EF3-960D-47B9-A6EF-EE94992160C3} = {F22FD92F-49F7-436E-BCA6-CBEB61CF2DCD}
		{001F414A-3085-4D82-A974-B9845577A876} = {F22FD92F-49F7-436E-BCA6-CBEB61CF2DCD}
		{13B0FBD2-9F00-48E4-88DE-F36537AB0A1F} = {F22FD92F-49F7-436E-BCA6-CBEB61CF2DCD}
		{D6FAEAC0-3DE7-465E-9BF7-5DEBA52EAF5F} = {F22FD92F-49F7-436E-BCA6-CBEB61CF2DCD}
		{6D219EC0-906C-4B8D-8795-64AD11092479} = {F22FD92F-49F7-436E-BCA6-CBEB61CF2DCD}
		{C786E1AA-41DE-4730-B3F7-5D7CD81945D3} = {F22FD92F-49F7-436E-BCA6-CBEB61CF2DCD}
		{3C3CA52A-438D-4876-9AAE-EE34477DA7AB} = {F22FD92F-49F7-436E-BCA6-CBEB61CF2DCD}
		{482DC1C9-FC9C-43E5-A270-C357A4559982} = {D69200FD-CAE1-45C1-805C-0B5889D5E77F}
		{E6171BA1-EF1B-4615-9EC3-32E01D521207} = {D69200FD-CAE1-45C1-805C-0B5889D5E77F}
		{DC2534A7-087E-46AA-99E0-1B61884A1B71} = {7CE1FD25-A5F9-4A80-A8FC-637CFBFFDC04}
		{AA799E84-E4A9-492D-8DA3-FFECD04F0C57} = {7CE1FD25-A5F9-4A80-A8FC-637CFBFFDC04}
		{20F46B2A-4FFE-4620-989B-51D794DC7F09} = {7CE1FD25-A5F9-4A80-A8FC-637CFBFFDC04}
		{DDE8B544-94EE-4B18-AAF5-F8BC43E07AC7} = {7CE1FD25-A5F9-4A80-A8FC-637CFBFFDC04}
		{71FA3483-F5FA-4D8C-ADDC-6EF4EC3DF4D2} = {7CE1FD25-A5F9-4A80-A8FC-637CFBFFDC04}
		{F238C5CF-09F2-445E-A7D8-DA5B7EC3BD75} = {7CE1FD25-A5F9-4A80-A8FC-637CFBFFDC04}
		{06573368-07EB-4EDE-A943-4A99B60FAFE3} = {7CE1FD25-A5F9-4A80-A8FC-637CFBFFDC04}
		{D840BFCC-C89A-41DF-8026-2500B570BA54} = {7CE1FD25-A5F9-4A80-A8FC-637CFBFFDC04}
		{66E30466-96E3-4D91-8F5B-4BF31CC6FA5D} = {7CE1FD25-A5F9-4A80-A8FC-637CFBFFDC04}
		{BDC9A6B3-11E9-4169-891F-C0EFA23BC0FE} = {7CE1FD25-A5F9-4A80-A8FC-637CFBFFDC04}
		{208B885E-5382-45BB-9050-87F9ADEC1DF9} = {7CE1FD25-A5F9-4A80-A8FC-637CFBFFDC04}
		{7EAE7155-E2E7-4BC9-A844-B12BB9A27690} = {7CE1FD25-A5F9-4A80-A8FC-637CFBFFDC04}
		{64746210-323D-409E-A66E-BE545CFFB9D0} = {51A16B64-B187-4CC0-BDA6-E1AA2BD1E115}
		{2EA862A8-BE45-4F0A-8E2D-213CCE3099D3} = {7CE1FD25-A5F9-4A80-A8FC-637CFBFFDC04}
		{8549BDE2-5B5C-47BD-80DA-3841FA841FAF} = {8D1EF29E-75E5-4127-8844-36E70416DEDA}
		{DE0D55CE-2858-4DA8-AA69-4F7CBEA21710} = {8D1EF29E-75E5-4127-8844-36E70416DEDA}
		{92BE0D1E-9668-4851-A726-1D6B613477C7} = {8D1EF29E-75E5-4127-8844-36E70416DEDA}
		{4FD4E317-27A0-475E-A7F8-A26013E8F454} = {7CE1FD25-A5F9-4A80-A8FC-637CFBFFDC04}
		{678903C6-7D24-4B21-9704-BCA7C8C8715B} = {8D1EF29E-75E5-4127-8844-36E70416DEDA}
		{AA7C5518-C13D-4DE9-B828-48704D239A0B} = {8D1EF29E-75E5-4127-8844-36E70416DEDA}
		{45DF1167-4024-49FF-B30B-9EF8C6A8BE56} = {7CE1FD25-A5F9-4A80-A8FC-637CFBFFDC04}
		{85736D4F-19E7-479F-987D-ED31983DA755} = {8D1EF29E-75E5-4127-8844-36E70416DEDA}
		{78DFFB57-D4B4-4956-A84B-79DE84CFCB3C} = {7CE1FD25-A5F9-4A80-A8FC-637CFBFFDC04}
		{C49BA3E3-6F89-4B84-AF4C-1520EDB95A65} = {7CE1FD25-A5F9-4A80-A8FC-637CFBFFDC04}
		{B777D4AA-4C7F-4200-9E72-F7323815B81A} = {7CE1FD25-A5F9-4A80-A8FC-637CFBFFDC04}
		{5A763AF4-2DE6-4319-8389-F7A54FFB6014} = {7CE1FD25-A5F9-4A80-A8FC-637CFBFFDC04}
		{CE2C358F-C2B4-4BD4-93C4-E2FE0257FC57} = {7CE1FD25-A5F9-4A80-A8FC-637CFBFFDC04}
		{3E0A1396-5789-4480-9632-27B3A9A6CC8B} = {7CE1FD25-A5F9-4A80-A8FC-637CFBFFDC04}
		{F53C13C3-050B-49CE-9422-2CA09EF283B8} = {7CE1FD25-A5F9-4A80-A8FC-637CFBFFDC04}
		{F9190F5E-7FD9-4EE8-ABE5-0C1480F683F3} = {7CE1FD25-A5F9-4A80-A8FC-637CFBFFDC04}
		{7430AEDA-D3D2-4819-B5EB-BEF20A6C9837} = {7CE1FD25-A5F9-4A80-A8FC-637CFBFFDC04}
	EndGlobalSection
	GlobalSection(ExtensibilityGlobals) = postSolution
		SolutionGuid = {C8687645-F4EE-4A93-BE97-7DD2357B4FDA}
	EndGlobalSection
EndGlobal
