<?xml version="1.0" encoding="utf-8"?>
<Project ToolsVersion="4.0" xmlns="http://schemas.microsoft.com/developer/msbuild/2003">
  <ItemGroup>
    <Filter Include="소스 파일">
      <UniqueIdentifier>{4FC737F1-C7A5-4376-A066-2A32D752A2FF}</UniqueIdentifier>
      <Extensions>cpp;c;cc;cxx;c++;cppm;ixx;def;odl;idl;hpj;bat;asm;asmx</Extensions>
    </Filter>
    <Filter Include="리소스 파일">
      <UniqueIdentifier>{67DA6AB6-F800-4c08-8B7A-83BB121AAD01}</UniqueIdentifier>
      <Extensions>rc;ico;cur;bmp;dlg;rc2;rct;bin;rgs;gif;jpg;jpeg;jpe;resx;tiff;tif;png;wav;mfcribbon-ms</Extensions>
    </Filter>
    <Filter Include="소스 파일\Application">
      <UniqueIdentifier>{13a18722-e475-402e-87aa-564bd78ba68b}</UniqueIdentifier>
    </Filter>
    <Filter Include="소스 파일\Graphics">
      <UniqueIdentifier>{57ba60c2-cd0f-4a65-ab54-9e1df9651d4d}</UniqueIdentifier>
    </Filter>
    <Filter Include="소스 파일\Precompiled">
      <UniqueIdentifier>{96d0d084-ab3b-4755-b96f-05ec5b24b239}</UniqueIdentifier>
    </Filter>
    <Filter Include="소스 파일\Window">
      <UniqueIdentifier>{ec5c93b1-2b66-43b1-ab91-73a68db2c4e7}</UniqueIdentifier>
    </Filter>
    <Filter Include="소스 파일\Graphics\Vertex">
      <UniqueIdentifier>{783f4096-5a0f-4ba8-85ce-21f22c343cd3}</UniqueIdentifier>
    </Filter>
    <Filter Include="소스 파일\Graphics\Shader">
      <UniqueIdentifier>{5b369a02-e4f8-4c6f-bd26-e04a0a783edb}</UniqueIdentifier>
    </Filter>
  </ItemGroup>
  <ItemGroup>
    <ClCompile Include="Application.cpp">
      <Filter>소스 파일\Application</Filter>
    </ClCompile>
    <ClCompile Include="Graphics.cpp">
      <Filter>소스 파일\Graphics</Filter>
    </ClCompile>
    <ClCompile Include="pch.cpp">
      <Filter>소스 파일\Precompiled</Filter>
    </ClCompile>
    <ClCompile Include="Window.cpp">
      <Filter>소스 파일\Window</Filter>
    </ClCompile>
    <ClCompile Include="Vertex.cpp">
      <Filter>소스 파일\Graphics\Vertex</Filter>
    </ClCompile>
  </ItemGroup>
  <ItemGroup>
    <ClInclude Include="Application.h">
      <Filter>소스 파일\Application</Filter>
    </ClInclude>
    <ClInclude Include="Graphics.h">
      <Filter>소스 파일\Graphics</Filter>
    </ClInclude>
    <ClInclude Include="pch.h">
      <Filter>소스 파일\Precompiled</Filter>
    </ClInclude>
    <ClInclude Include="Window.h">
      <Filter>소스 파일\Window</Filter>
    </ClInclude>
    <ClInclude Include="Vertex.h">
      <Filter>소스 파일\Graphics\Vertex</Filter>
    </ClInclude>
  </ItemGroup>
  <ItemGroup>
    <FxCompile Include="VertexShader.hlsl">
      <Filter>소스 파일\Graphics\Shader</Filter>
    </FxCompile>
    <FxCompile Include="PixelShader.hlsl">
      <Filter>소스 파일\Graphics\Shader</Filter>
    </FxCompile>
  </ItemGroup>
</Project>