<?xml version="1.0" encoding="utf-8"?>
<Project ToolsVersion="4.0" xmlns="http://schemas.microsoft.com/developer/msbuild/2003">
  <ItemGroup>
    <Filter Include="소스 파일">
      <UniqueIdentifier>{4FC737F1-C7A5-4376-A066-2A32D752A2FF}</UniqueIdentifier>
      <Extensions>cpp;c;cc;cxx;c++;cppm;ixx;def;odl;idl;hpj;bat;asm;asmx</Extensions>
    </Filter>
    <Filter Include="리소스 파일">
      <UniqueIdentifier>{67DA6AB6-F800-4c08-8B7A-83BB121AAD01}</UniqueIdentifier>
      <Extensions>rc;ico;cur;bmp;dlg;rc2;rct;bin;rgs;gif;jpg;jpeg;jpe;resx;tiff;tif;png;wav;mfcribbon-ms</Extensions>
    </Filter>
    <Filter Include="소스 파일\Sample">
      <UniqueIdentifier>{f1920d7c-1bf2-4148-8e93-c7e72ebfdbdb}</UniqueIdentifier>
    </Filter>
    <Filter Include="소스 파일\Sample\Scene">
      <UniqueIdentifier>{95a62a2a-7464-4345-825b-479ae7b85094}</UniqueIdentifier>
    </Filter>
    <Filter Include="소스 파일\Sample\Scene\Object">
      <UniqueIdentifier>{48c97aaa-ad3b-4e1b-87cd-c5ed8d822ca6}</UniqueIdentifier>
    </Filter>
  </ItemGroup>
  <ItemGroup>
    <ClCompile Include="Sample.cpp">
      <Filter>소스 파일\Sample</Filter>
    </ClCompile>
    <ClCompile Include="Player.cpp">
      <Filter>소스 파일\Sample\Scene\Object</Filter>
    </ClCompile>
    <ClCompile Include="Ball.cpp">
      <Filter>소스 파일\Sample\Scene\Object</Filter>
    </ClCompile>
    <ClCompile Include="Cloud.cpp">
      <Filter>소스 파일\Sample\Scene\Object</Filter>
    </ClCompile>
    <ClCompile Include="Wave.cpp">
      <Filter>소스 파일\Sample\Scene\Object</Filter>
    </ClCompile>
    <ClCompile Include="Enemy.cpp">
      <Filter>소스 파일\Sample\Scene\Object</Filter>
    </ClCompile>
    <ClCompile Include="Map.cpp">
      <Filter>소스 파일\Sample\Scene\Object</Filter>
    </ClCompile>
    <ClCompile Include="InGame.cpp">
      <Filter>소스 파일\Sample\Scene</Filter>
    </ClCompile>
    <ClCompile Include="Title.cpp">
      <Filter>소스 파일\Sample\Scene</Filter>
    </ClCompile>
    <ClCompile Include="Scene.cpp">
      <Filter>소스 파일\Sample\Scene</Filter>
    </ClCompile>
    <ClCompile Include="Background.cpp">
      <Filter>소스 파일\Sample\Scene\Object</Filter>
    </ClCompile>
    <ClCompile Include="BattleText.cpp">
      <Filter>소스 파일\Sample\Scene\Object</Filter>
    </ClCompile>
    <ClCompile Include="Effect.cpp">
      <Filter>소스 파일\Sample\Scene\Object</Filter>
    </ClCompile>
    <ClCompile Include="StaticText.cpp">
      <Filter>소스 파일\Sample\Scene\Object</Filter>
    </ClCompile>
    <ClCompile Include="DynamicText.cpp">
      <Filter>소스 파일\Sample\Scene\Object</Filter>
    </ClCompile>
    <ClCompile Include="PlayerScore.cpp">
      <Filter>소스 파일\Sample\Scene\Object</Filter>
    </ClCompile>
    <ClCompile Include="EnemyScore.cpp">
      <Filter>소스 파일\Sample\Scene\Object</Filter>
    </ClCompile>
    <ClCompile Include="EnemyShadow.cpp">
      <Filter>소스 파일\Sample\Scene\Object</Filter>
    </ClCompile>
    <ClCompile Include="PlayerShadow.cpp">
      <Filter>소스 파일\Sample\Scene\Object</Filter>
    </ClCompile>
    <ClCompile Include="BallShadow.cpp">
      <Filter>소스 파일\Sample\Scene\Object</Filter>
    </ClCompile>
    <ClCompile Include="SelectText.cpp">
      <Filter>소스 파일\Sample\Scene\Object</Filter>
    </ClCompile>
  </ItemGroup>
  <ItemGroup>
    <ClInclude Include="Sample.h">
      <Filter>소스 파일\Sample</Filter>
    </ClInclude>
    <ClInclude Include="Player.h">
      <Filter>소스 파일\Sample\Scene\Object</Filter>
    </ClInclude>
    <ClInclude Include="Ball.h">
      <Filter>소스 파일\Sample\Scene\Object</Filter>
    </ClInclude>
    <ClInclude Include="Cloud.h">
      <Filter>소스 파일\Sample\Scene\Object</Filter>
    </ClInclude>
    <ClInclude Include="Wave.h">
      <Filter>소스 파일\Sample\Scene\Object</Filter>
    </ClInclude>
    <ClInclude Include="Enemy.h">
      <Filter>소스 파일\Sample\Scene\Object</Filter>
    </ClInclude>
    <ClInclude Include="Map.h">
      <Filter>소스 파일\Sample\Scene\Object</Filter>
    </ClInclude>
    <ClInclude Include="InGame.h">
      <Filter>소스 파일\Sample\Scene</Filter>
    </ClInclude>
    <ClInclude Include="Title.h">
      <Filter>소스 파일\Sample\Scene</Filter>
    </ClInclude>
    <ClInclude Include="Scene.h">
      <Filter>소스 파일\Sample\Scene</Filter>
    </ClInclude>
    <ClInclude Include="Background.h">
      <Filter>소스 파일\Sample\Scene\Object</Filter>
    </ClInclude>
    <ClInclude Include="BattleText.h">
      <Filter>소스 파일\Sample\Scene\Object</Filter>
    </ClInclude>
    <ClInclude Include="Effect.h">
      <Filter>소스 파일\Sample\Scene\Object</Filter>
    </ClInclude>
    <ClInclude Include="StaticText.h">
      <Filter>소스 파일\Sample\Scene\Object</Filter>
    </ClInclude>
    <ClInclude Include="DynamicText.h">
      <Filter>소스 파일\Sample\Scene\Object</Filter>
    </ClInclude>
    <ClInclude Include="PlayerScore.h">
      <Filter>소스 파일\Sample\Scene\Object</Filter>
    </ClInclude>
    <ClInclude Include="EnemyScore.h">
      <Filter>소스 파일\Sample\Scene\Object</Filter>
    </ClInclude>
    <ClInclude Include="PlayerShadow.h">
      <Filter>소스 파일\Sample\Scene\Object</Filter>
    </ClInclude>
    <ClInclude Include="BallShadow.h">
      <Filter>소스 파일\Sample\Scene\Object</Filter>
    </ClInclude>
    <ClInclude Include="EnemyShadow.h">
      <Filter>소스 파일\Sample\Scene\Object</Filter>
    </ClInclude>
    <ClInclude Include="SelectText.h">
      <Filter>소스 파일\Sample\Scene\Object</Filter>
    </ClInclude>
  </ItemGroup>
</Project>